
Microsoft Visual Studio Solution File, Format Version 12.00
# Visual Studio Version 17
VisualStudioVersion = 17.5.33502.453
MinimumVisualStudioVersion = 10.0.40219.1
Project("{FAE04EC0-301F-11D3-BF4B-00C04F79EFBC}") = "PDF Creator Test", "PDF Creator Test\PDF Creator Test.csproj", "{0F64988D-3831-485D-81FB-4A2819489BA8}"
EndProject
Global
	GlobalSection(SolutionConfigurationPlatforms) = preSolution
		Debug|Any CPU = Debug|Any CPU
		Release|Any CPU = Release|Any CPU
	EndGlobalSection
	GlobalSection(ProjectConfigurationPlatforms) = postSolution
		{0F64988D-3831-485D-81FB-4A2819489BA8}.Debug|Any CPU.ActiveCfg = Debug|Any CPU
		{0F64988D-3831-485D-81FB-4A2819489BA8}.Debug|Any CPU.Build.0 = Debug|Any CPU
		{0F64988D-3831-485D-81FB-4A2819489BA8}.Release|Any CPU.ActiveCfg = Release|Any CPU
		{0F64988D-3831-485D-81FB-4A2819489BA8}.Release|Any CPU.Build.0 = Release|Any CPU
	EndGlobalSection
	GlobalSection(SolutionProperties) = preSolution
		HideSolutionNode = FALSE
	EndGlobalSection
	GlobalSection(ExtensibilityGlobals) = postSolution
		SolutionGuid = {453D6787-7889-47D9-A18A-BDDB1B46CB11}
	EndGlobalSection
EndGlobal
